// !$*UTF8*$!
{
	archiveVersion = 1;
	classes = {
	};
	objectVersion = 55;
	objects = {

/* Begin PBXBuildFile section */
		490EDE0827064A1E0000716E /* MyProjectsApp.swift in Sources */ = {isa = PBXBuildFile; fileRef = 490EDE0727064A1E0000716E /* MyProjectsApp.swift */; };
		490EDE0A27064A1E0000716E /* YearRightCellView.swift in Sources */ = {isa = PBXBuildFile; fileRef = 490EDE0927064A1E0000716E /* YearRightCellView.swift */; };
		490EDE0C27064A230000716E /* Assets.xcassets in Resources */ = {isa = PBXBuildFile; fileRef = 490EDE0B27064A230000716E /* Assets.xcassets */; };
		490EDE0F27064A230000716E /* Preview Assets.xcassets in Resources */ = {isa = PBXBuildFile; fileRef = 490EDE0E27064A230000716E /* Preview Assets.xcassets */; };
		490EDE1627064C0D0000716E /* ViewExtensions.swift in Sources */ = {isa = PBXBuildFile; fileRef = 490EDE1527064C0D0000716E /* ViewExtensions.swift */; };
		490EDE1827064C260000716E /* RoundedCorner.swift in Sources */ = {isa = PBXBuildFile; fileRef = 490EDE1727064C260000716E /* RoundedCorner.swift */; };
		490EDE1A2706535C0000716E /* YearLeftCellView.swift in Sources */ = {isa = PBXBuildFile; fileRef = 490EDE192706535C0000716E /* YearLeftCellView.swift */; };
		490EDE22270664620000716E /* TimeLineCollectionView.swift in Sources */ = {isa = PBXBuildFile; fileRef = 490EDE21270664620000716E /* TimeLineCollectionView.swift */; };
		490EDE2427067A150000716E /* ConnectorCellView.swift in Sources */ = {isa = PBXBuildFile; fileRef = 490EDE2327067A140000716E /* ConnectorCellView.swift */; };
		490EDE2627067B750000716E /* PortfolioView.swift in Sources */ = {isa = PBXBuildFile; fileRef = 490EDE2527067B750000716E /* PortfolioView.swift */; };
		490EDE28270684A80000716E /* MainToolbarContentView.swift in Sources */ = {isa = PBXBuildFile; fileRef = 490EDE27270684A70000716E /* MainToolbarContentView.swift */; };
		494BF0C9270779C80054C43C /* ToolbarButtonView.swift in Sources */ = {isa = PBXBuildFile; fileRef = 494BF0C8270779C80054C43C /* ToolbarButtonView.swift */; };
		494BF0CE27078C830054C43C /* EditToolbarContentView.swift in Sources */ = {isa = PBXBuildFile; fileRef = 494BF0CD27078C830054C43C /* EditToolbarContentView.swift */; };
		494BF0D027078D1F0054C43C /* ProjectsToolbarContentView.swift in Sources */ = {isa = PBXBuildFile; fileRef = 494BF0CF27078D1F0054C43C /* ProjectsToolbarContentView.swift */; };
		494BF0D227078F330054C43C /* ProjectsView.swift in Sources */ = {isa = PBXBuildFile; fileRef = 494BF0D127078F330054C43C /* ProjectsView.swift */; };
		494BF0D4270790D80054C43C /* ProjectCellView.swift in Sources */ = {isa = PBXBuildFile; fileRef = 494BF0D3270790D80054C43C /* ProjectCellView.swift */; };
/* End PBXBuildFile section */

/* Begin PBXFileReference section */
		490EDE0427064A1E0000716E /* MyProjects.app */ = {isa = PBXFileReference; explicitFileType = wrapper.application; includeInIndex = 0; path = MyProjects.app; sourceTree = BUILT_PRODUCTS_DIR; };
		490EDE0727064A1E0000716E /* MyProjectsApp.swift */ = {isa = PBXFileReference; lastKnownFileType = sourcecode.swift; path = MyProjectsApp.swift; sourceTree = "<group>"; };
		490EDE0927064A1E0000716E /* YearRightCellView.swift */ = {isa = PBXFileReference; lastKnownFileType = sourcecode.swift; path = YearRightCellView.swift; sourceTree = "<group>"; };
		490EDE0B27064A230000716E /* Assets.xcassets */ = {isa = PBXFileReference; lastKnownFileType = folder.assetcatalog; path = Assets.xcassets; sourceTree = "<group>"; };
		490EDE0E27064A230000716E /* Preview Assets.xcassets */ = {isa = PBXFileReference; lastKnownFileType = folder.assetcatalog; path = "Preview Assets.xcassets"; sourceTree = "<group>"; };
		490EDE1527064C0D0000716E /* ViewExtensions.swift */ = {isa = PBXFileReference; lastKnownFileType = sourcecode.swift; path = ViewExtensions.swift; sourceTree = "<group>"; };
		490EDE1727064C260000716E /* RoundedCorner.swift */ = {isa = PBXFileReference; lastKnownFileType = sourcecode.swift; path = RoundedCorner.swift; sourceTree = "<group>"; };
		490EDE192706535C0000716E /* YearLeftCellView.swift */ = {isa = PBXFileReference; lastKnownFileType = sourcecode.swift; path = YearLeftCellView.swift; sourceTree = "<group>"; };
		490EDE21270664620000716E /* TimeLineCollectionView.swift */ = {isa = PBXFileReference; lastKnownFileType = sourcecode.swift; path = TimeLineCollectionView.swift; sourceTree = "<group>"; };
		490EDE2327067A140000716E /* ConnectorCellView.swift */ = {isa = PBXFileReference; lastKnownFileType = sourcecode.swift; path = ConnectorCellView.swift; sourceTree = "<group>"; };
		490EDE2527067B750000716E /* PortfolioView.swift */ = {isa = PBXFileReference; lastKnownFileType = sourcecode.swift; path = PortfolioView.swift; sourceTree = "<group>"; };
		490EDE27270684A70000716E /* MainToolbarContentView.swift */ = {isa = PBXFileReference; lastKnownFileType = sourcecode.swift; path = MainToolbarContentView.swift; sourceTree = "<group>"; };
		494BF0C8270779C80054C43C /* ToolbarButtonView.swift */ = {isa = PBXFileReference; lastKnownFileType = sourcecode.swift; path = ToolbarButtonView.swift; sourceTree = "<group>"; };
		494BF0CD27078C830054C43C /* EditToolbarContentView.swift */ = {isa = PBXFileReference; lastKnownFileType = sourcecode.swift; path = EditToolbarContentView.swift; sourceTree = "<group>"; };
		494BF0CF27078D1F0054C43C /* ProjectsToolbarContentView.swift */ = {isa = PBXFileReference; lastKnownFileType = sourcecode.swift; path = ProjectsToolbarContentView.swift; sourceTree = "<group>"; };
		494BF0D127078F330054C43C /* ProjectsView.swift */ = {isa = PBXFileReference; lastKnownFileType = sourcecode.swift; path = ProjectsView.swift; sourceTree = "<group>"; };
		494BF0D3270790D80054C43C /* ProjectCellView.swift */ = {isa = PBXFileReference; lastKnownFileType = sourcecode.swift; path = ProjectCellView.swift; sourceTree = "<group>"; };
/* End PBXFileReference section */

/* Begin PBXFrameworksBuildPhase section */
		490EDE0127064A1E0000716E /* Frameworks */ = {
			isa = PBXFrameworksBuildPhase;
			buildActionMask = 2147483647;
			files = (
			);
			runOnlyForDeploymentPostprocessing = 0;
		};
/* End PBXFrameworksBuildPhase section */

/* Begin PBXGroup section */
		490EDDFB27064A1E0000716E = {
			isa = PBXGroup;
			children = (
				490EDE0627064A1E0000716E /* MyProjects */,
				490EDE0527064A1E0000716E /* Products */,
			);
			sourceTree = "<group>";
		};
		490EDE0527064A1E0000716E /* Products */ = {
			isa = PBXGroup;
			children = (
				490EDE0427064A1E0000716E /* MyProjects.app */,
			);
			name = Products;
			sourceTree = "<group>";
		};
		490EDE0627064A1E0000716E /* MyProjects */ = {
			isa = PBXGroup;
			children = (
				494BF0C7270778BD0054C43C /* Model */,
				490EDE1D270662FD0000716E /* View */,
				490EDE0727064A1E0000716E /* MyProjectsApp.swift */,
				490EDE0B27064A230000716E /* Assets.xcassets */,
				490EDE0D27064A230000716E /* Preview Content */,
			);
			path = MyProjects;
			sourceTree = "<group>";
		};
		490EDE0D27064A230000716E /* Preview Content */ = {
			isa = PBXGroup;
			children = (
				490EDE0E27064A230000716E /* Preview Assets.xcassets */,
			);
			path = "Preview Content";
			sourceTree = "<group>";
		};
		490EDE1D270662FD0000716E /* View */ = {
			isa = PBXGroup;
			children = (
				494BF0CC27078A9D0054C43C /* Toolbar */,
				494BF0C6270778AB0054C43C /* TimeLine */,
				494BF0CB27078A4A0054C43C /* Projects */,
			);
			path = View;
			sourceTree = "<group>";
		};
		490EDE1F2706631D0000716E /* Extensions */ = {
			isa = PBXGroup;
			children = (
				490EDE1527064C0D0000716E /* ViewExtensions.swift */,
			);
			path = Extensions;
			sourceTree = "<group>";
		};
		490EDE20270663480000716E /* Extras */ = {
			isa = PBXGroup;
			children = (
				490EDE1727064C260000716E /* RoundedCorner.swift */,
			);
			path = Extras;
			sourceTree = "<group>";
		};
		494BF0C6270778AB0054C43C /* TimeLine */ = {
			isa = PBXGroup;
			children = (
				490EDE192706535C0000716E /* YearLeftCellView.swift */,
				490EDE0927064A1E0000716E /* YearRightCellView.swift */,
				490EDE21270664620000716E /* TimeLineCollectionView.swift */,
				490EDE2327067A140000716E /* ConnectorCellView.swift */,
				490EDE2527067B750000716E /* PortfolioView.swift */,
			);
			path = TimeLine;
			sourceTree = "<group>";
		};
		494BF0C7270778BD0054C43C /* Model */ = {
			isa = PBXGroup;
			children = (
				490EDE20270663480000716E /* Extras */,
				490EDE1F2706631D0000716E /* Extensions */,
			);
			path = Model;
			sourceTree = "<group>";
		};
		494BF0CB27078A4A0054C43C /* Projects */ = {
			isa = PBXGroup;
			children = (
				494BF0D127078F330054C43C /* ProjectsView.swift */,
				494BF0D3270790D80054C43C /* ProjectCellView.swift */,
			);
			path = Projects;
			sourceTree = "<group>";
		};
		494BF0CC27078A9D0054C43C /* Toolbar */ = {
			isa = PBXGroup;
			children = (
				490EDE27270684A70000716E /* MainToolbarContentView.swift */,
				494BF0C8270779C80054C43C /* ToolbarButtonView.swift */,
				494BF0CD27078C830054C43C /* EditToolbarContentView.swift */,
				494BF0CF27078D1F0054C43C /* ProjectsToolbarContentView.swift */,
			);
			path = Toolbar;
			sourceTree = "<group>";
		};
/* End PBXGroup section */

/* Begin PBXNativeTarget section */
		490EDE0327064A1E0000716E /* MyProjects */ = {
			isa = PBXNativeTarget;
			buildConfigurationList = 490EDE1227064A230000716E /* Build configuration list for PBXNativeTarget "MyProjects" */;
			buildPhases = (
				490EDE0027064A1E0000716E /* Sources */,
				490EDE0127064A1E0000716E /* Frameworks */,
				490EDE0227064A1E0000716E /* Resources */,
			);
			buildRules = (
			);
			dependencies = (
			);
			name = MyProjects;
			productName = MyProjects;
			productReference = 490EDE0427064A1E0000716E /* MyProjects.app */;
			productType = "com.apple.product-type.application";
		};
/* End PBXNativeTarget section */

/* Begin PBXProject section */
		490EDDFC27064A1E0000716E /* Project object */ = {
			isa = PBXProject;
			attributes = {
				BuildIndependentTargetsInParallel = 1;
				LastSwiftUpdateCheck = 1300;
				LastUpgradeCheck = 1300;
				TargetAttributes = {
					490EDE0327064A1E0000716E = {
						CreatedOnToolsVersion = 13.0;
					};
				};
			};
			buildConfigurationList = 490EDDFF27064A1E0000716E /* Build configuration list for PBXProject "MyProjects" */;
			compatibilityVersion = "Xcode 13.0";
			developmentRegion = en;
			hasScannedForEncodings = 0;
			knownRegions = (
				en,
				Base,
			);
			mainGroup = 490EDDFB27064A1E0000716E;
			productRefGroup = 490EDE0527064A1E0000716E /* Products */;
			projectDirPath = "";
			projectRoot = "";
			targets = (
				490EDE0327064A1E0000716E /* MyProjects */,
			);
		};
/* End PBXProject section */

/* Begin PBXResourcesBuildPhase section */
		490EDE0227064A1E0000716E /* Resources */ = {
			isa = PBXResourcesBuildPhase;
			buildActionMask = 2147483647;
			files = (
				490EDE0F27064A230000716E /* Preview Assets.xcassets in Resources */,
				490EDE0C27064A230000716E /* Assets.xcassets in Resources */,
			);
			runOnlyForDeploymentPostprocessing = 0;
		};
/* End PBXResourcesBuildPhase section */

/* Begin PBXSourcesBuildPhase section */
		490EDE0027064A1E0000716E /* Sources */ = {
			isa = PBXSourcesBuildPhase;
			buildActionMask = 2147483647;
			files = (
				490EDE1827064C260000716E /* RoundedCorner.swift in Sources */,
				494BF0CE27078C830054C43C /* EditToolbarContentView.swift in Sources */,
				490EDE1A2706535C0000716E /* YearLeftCellView.swift in Sources */,
				494BF0C9270779C80054C43C /* ToolbarButtonView.swift in Sources */,
				494BF0D027078D1F0054C43C /* ProjectsToolbarContentView.swift in Sources */,
				494BF0D227078F330054C43C /* ProjectsView.swift in Sources */,
				494BF0D4270790D80054C43C /* ProjectCellView.swift in Sources */,
				490EDE0A27064A1E0000716E /* YearRightCellView.swift in Sources */,
				490EDE22270664620000716E /* TimeLineCollectionView.swift in Sources */,
				490EDE1627064C0D0000716E /* ViewExtensions.swift in Sources */,
				490EDE2427067A150000716E /* ConnectorCellView.swift in Sources */,
				490EDE0827064A1E0000716E /* MyProjectsApp.swift in Sources */,
				490EDE2627067B750000716E /* PortfolioView.swift in Sources */,
				490EDE28270684A80000716E /* MainToolbarContentView.swift in Sources */,
			);
			runOnlyForDeploymentPostprocessing = 0;
		};
/* End PBXSourcesBuildPhase section */

/* Begin XCBuildConfiguration section */
		490EDE1027064A230000716E /* Debug */ = {
			isa = XCBuildConfiguration;
			buildSettings = {
				ALWAYS_SEARCH_USER_PATHS = NO;
				CLANG_ANALYZER_NONNULL = YES;
				CLANG_ANALYZER_NUMBER_OBJECT_CONVERSION = YES_AGGRESSIVE;
				CLANG_CXX_LANGUAGE_STANDARD = "gnu++17";
				CLANG_CXX_LIBRARY = "libc++";
				CLANG_ENABLE_MODULES = YES;
				CLANG_ENABLE_OBJC_ARC = YES;
				CLANG_ENABLE_OBJC_WEAK = YES;
				CLANG_WARN_BLOCK_CAPTURE_AUTORELEASING = YES;
				CLANG_WARN_BOOL_CONVERSION = YES;
				CLANG_WARN_COMMA = YES;
				CLANG_WARN_CONSTANT_CONVERSION = YES;
				CLANG_WARN_DEPRECATED_OBJC_IMPLEMENTATIONS = YES;
				CLANG_WARN_DIRECT_OBJC_ISA_USAGE = YES_ERROR;
				CLANG_WARN_DOCUMENTATION_COMMENTS = YES;
				CLANG_WARN_EMPTY_BODY = YES;
				CLANG_WARN_ENUM_CONVERSION = YES;
				CLANG_WARN_INFINITE_RECURSION = YES;
				CLANG_WARN_INT_CONVERSION = YES;
				CLANG_WARN_NON_LITERAL_NULL_CONVERSION = YES;
				CLANG_WARN_OBJC_IMPLICIT_RETAIN_SELF = YES;
				CLANG_WARN_OBJC_LITERAL_CONVERSION = YES;
				CLANG_WARN_OBJC_ROOT_CLASS = YES_ERROR;
				CLANG_WARN_QUOTED_INCLUDE_IN_FRAMEWORK_HEADER = YES;
				CLANG_WARN_RANGE_LOOP_ANALYSIS = YES;
				CLANG_WARN_STRICT_PROTOTYPES = YES;
				CLANG_WARN_SUSPICIOUS_MOVE = YES;
				CLANG_WARN_UNGUARDED_AVAILABILITY = YES_AGGRESSIVE;
				CLANG_WARN_UNREACHABLE_CODE = YES;
				CLANG_WARN__DUPLICATE_METHOD_MATCH = YES;
				COPY_PHASE_STRIP = NO;
				DEBUG_INFORMATION_FORMAT = dwarf;
				ENABLE_STRICT_OBJC_MSGSEND = YES;
				ENABLE_TESTABILITY = YES;
				GCC_C_LANGUAGE_STANDARD = gnu11;
				GCC_DYNAMIC_NO_PIC = NO;
				GCC_NO_COMMON_BLOCKS = YES;
				GCC_OPTIMIZATION_LEVEL = 0;
				GCC_PREPROCESSOR_DEFINITIONS = (
					"DEBUG=1",
					"$(inherited)",
				);
				GCC_WARN_64_TO_32_BIT_CONVERSION = YES;
				GCC_WARN_ABOUT_RETURN_TYPE = YES_ERROR;
				GCC_WARN_UNDECLARED_SELECTOR = YES;
				GCC_WARN_UNINITIALIZED_AUTOS = YES_AGGRESSIVE;
				GCC_WARN_UNUSED_FUNCTION = YES;
				GCC_WARN_UNUSED_VARIABLE = YES;
				IPHONEOS_DEPLOYMENT_TARGET = 15.0;
				MTL_ENABLE_DEBUG_INFO = INCLUDE_SOURCE;
				MTL_FAST_MATH = YES;
				ONLY_ACTIVE_ARCH = YES;
				SDKROOT = iphoneos;
				SWIFT_ACTIVE_COMPILATION_CONDITIONS = DEBUG;
				SWIFT_OPTIMIZATION_LEVEL = "-Onone";
			};
			name = Debug;
		};
		490EDE1127064A230000716E /* Release */ = {
			isa = XCBuildConfiguration;
			buildSettings = {
				ALWAYS_SEARCH_USER_PATHS = NO;
				CLANG_ANALYZER_NONNULL = YES;
				CLANG_ANALYZER_NUMBER_OBJECT_CONVERSION = YES_AGGRESSIVE;
				CLANG_CXX_LANGUAGE_STANDARD = "gnu++17";
				CLANG_CXX_LIBRARY = "libc++";
				CLANG_ENABLE_MODULES = YES;
				CLANG_ENABLE_OBJC_ARC = YES;
				CLANG_ENABLE_OBJC_WEAK = YES;
				CLANG_WARN_BLOCK_CAPTURE_AUTORELEASING = YES;
				CLANG_WARN_BOOL_CONVERSION = YES;
				CLANG_WARN_COMMA = YES;
				CLANG_WARN_CONSTANT_CONVERSION = YES;
				CLANG_WARN_DEPRECATED_OBJC_IMPLEMENTATIONS = YES;
				CLANG_WARN_DIRECT_OBJC_ISA_USAGE = YES_ERROR;
				CLANG_WARN_DOCUMENTATION_COMMENTS = YES;
				CLANG_WARN_EMPTY_BODY = YES;
				CLANG_WARN_ENUM_CONVERSION = YES;
				CLANG_WARN_INFINITE_RECURSION = YES;
				CLANG_WARN_INT_CONVERSION = YES;
				CLANG_WARN_NON_LITERAL_NULL_CONVERSION = YES;
				CLANG_WARN_OBJC_IMPLICIT_RETAIN_SELF = YES;
				CLANG_WARN_OBJC_LITERAL_CONVERSION = YES;
				CLANG_WARN_OBJC_ROOT_CLASS = YES_ERROR;
				CLANG_WARN_QUOTED_INCLUDE_IN_FRAMEWORK_HEADER = YES;
				CLANG_WARN_RANGE_LOOP_ANALYSIS = YES;
				CLANG_WARN_STRICT_PROTOTYPES = YES;
				CLANG_WARN_SUSPICIOUS_MOVE = YES;
				CLANG_WARN_UNGUARDED_AVAILABILITY = YES_AGGRESSIVE;
				CLANG_WARN_UNREACHABLE_CODE = YES;
				CLANG_WARN__DUPLICATE_METHOD_MATCH = YES;
				COPY_PHASE_STRIP = NO;
				DEBUG_INFORMATION_FORMAT = "dwarf-with-dsym";
				ENABLE_NS_ASSERTIONS = NO;
				ENABLE_STRICT_OBJC_MSGSEND = YES;
				GCC_C_LANGUAGE_STANDARD = gnu11;
				GCC_NO_COMMON_BLOCKS = YES;
				GCC_WARN_64_TO_32_BIT_CONVERSION = YES;
				GCC_WARN_ABOUT_RETURN_TYPE = YES_ERROR;
				GCC_WARN_UNDECLARED_SELECTOR = YES;
				GCC_WARN_UNINITIALIZED_AUTOS = YES_AGGRESSIVE;
				GCC_WARN_UNUSED_FUNCTION = YES;
				GCC_WARN_UNUSED_VARIABLE = YES;
				IPHONEOS_DEPLOYMENT_TARGET = 15.0;
				MTL_ENABLE_DEBUG_INFO = NO;
				MTL_FAST_MATH = YES;
				SDKROOT = iphoneos;
				SWIFT_COMPILATION_MODE = wholemodule;
				SWIFT_OPTIMIZATION_LEVEL = "-O";
				VALIDATE_PRODUCT = YES;
			};
			name = Release;
		};
		490EDE1327064A230000716E /* Debug */ = {
			isa = XCBuildConfiguration;
			buildSettings = {
				ASSETCATALOG_COMPILER_APPICON_NAME = AppIcon;
				ASSETCATALOG_COMPILER_GLOBAL_ACCENT_COLOR_NAME = AccentColor;
				CODE_SIGN_STYLE = Automatic;
				CURRENT_PROJECT_VERSION = 1;
				DEVELOPMENT_ASSET_PATHS = "\"MyProjects/Preview Content\"";
				ENABLE_PREVIEWS = YES;
				GENERATE_INFOPLIST_FILE = YES;
				INFOPLIST_KEY_UIApplicationSceneManifest_Generation = YES;
				INFOPLIST_KEY_UIApplicationSupportsIndirectInputEvents = YES;
				INFOPLIST_KEY_UILaunchScreen_Generation = YES;
				INFOPLIST_KEY_UISupportedInterfaceOrientations_iPad = "UIInterfaceOrientationPortrait UIInterfaceOrientationPortraitUpsideDown UIInterfaceOrientationLandscapeLeft UIInterfaceOrientationLandscapeRight";
				INFOPLIST_KEY_UISupportedInterfaceOrientations_iPhone = "UIInterfaceOrientationPortrait UIInterfaceOrientationLandscapeLeft UIInterfaceOrientationLandscapeRight";
				IPHONEOS_DEPLOYMENT_TARGET = 14.0;
				LD_RUNPATH_SEARCH_PATHS = (
					"$(inherited)",
					"@executable_path/Frameworks",
				);
				MARKETING_VERSION = 1.0;
				PRODUCT_BUNDLE_IDENTIFIER = lynakano.MyProjects;
				PRODUCT_NAME = "$(TARGET_NAME)";
				SWIFT_EMIT_LOC_STRINGS = YES;
				SWIFT_VERSION = 5.0;
				TARGETED_DEVICE_FAMILY = "1,2";
			};
			name = Debug;
		};
		490EDE1427064A230000716E /* Release */ = {
			isa = XCBuildConfiguration;
			buildSettings = {
				ASSETCATALOG_COMPILER_APPICON_NAME = AppIcon;
				ASSETCATALOG_COMPILER_GLOBAL_ACCENT_COLOR_NAME = AccentColor;
				CODE_SIGN_STYLE = Automatic;
				CURRENT_PROJECT_VERSION = 1;
				DEVELOPMENT_ASSET_PATHS = "\"MyProjects/Preview Content\"";
				ENABLE_PREVIEWS = YES;
				GENERATE_INFOPLIST_FILE = YES;
				INFOPLIST_KEY_UIApplicationSceneManifest_Generation = YES;
				INFOPLIST_KEY_UIApplicationSupportsIndirectInputEvents = YES;
				INFOPLIST_KEY_UILaunchScreen_Generation = YES;
				INFOPLIST_KEY_UISupportedInterfaceOrientations_iPad = "UIInterfaceOrientationPortrait UIInterfaceOrientationPortraitUpsideDown UIInterfaceOrientationLandscapeLeft UIInterfaceOrientationLandscapeRight";
				INFOPLIST_KEY_UISupportedInterfaceOrientations_iPhone = "UIInterfaceOrientationPortrait UIInterfaceOrientationLandscapeLeft UIInterfaceOrientationLandscapeRight";
				IPHONEOS_DEPLOYMENT_TARGET = 14.0;
				LD_RUNPATH_SEARCH_PATHS = (
					"$(inherited)",
					"@executable_path/Frameworks",
				);
				MARKETING_VERSION = 1.0;
				PRODUCT_BUNDLE_IDENTIFIER = lynakano.MyProjects;
				PRODUCT_NAME = "$(TARGET_NAME)";
				SWIFT_EMIT_LOC_STRINGS = YES;
				SWIFT_VERSION = 5.0;
				TARGETED_DEVICE_FAMILY = "1,2";
			};
			name = Release;
		};
/* End XCBuildConfiguration section */

/* Begin XCConfigurationList section */
		490EDDFF27064A1E0000716E /* Build configuration list for PBXProject "MyProjects" */ = {
			isa = XCConfigurationList;
			buildConfigurations = (
				490EDE1027064A230000716E /* Debug */,
				490EDE1127064A230000716E /* Release */,
			);
			defaultConfigurationIsVisible = 0;
			defaultConfigurationName = Release;
		};
		490EDE1227064A230000716E /* Build configuration list for PBXNativeTarget "MyProjects" */ = {
			isa = XCConfigurationList;
			buildConfigurations = (
				490EDE1327064A230000716E /* Debug */,
				490EDE1427064A230000716E /* Release */,
			);
			defaultConfigurationIsVisible = 0;
			defaultConfigurationName = Release;
		};
/* End XCConfigurationList section */
	};
	rootObject = 490EDDFC27064A1E0000716E /* Project object */;
}
